# This file is automatically @generated by Wally.
# It is not intended for manual editing.
registry = "test"

[[package]]
name = "cwillsey/nrycl-chat"
version = "0.1.0"
dependencies = [["caretaker", "cwillsey06/caretaker@1.0.1"], ["pooler", "lewistehminerz/pooler@1.0.0"], ["promise", "evaera/promise@4.0.0"], ["roact", "roblox/roact@1.4.2"], ["rodux", "roblox/rodux@3.0.0"], ["snapdragon", "vorlias/snapdragon@2.0.0"]]

[[package]]
name = "cwillsey06/caretaker"
version = "1.0.1"
dependencies = []

[[package]]
name = "evaera/promise"
version = "4.0.0"
dependencies = []

[[package]]
name = "lewistehminerz/pooler"
version = "1.0.0"
dependencies = []

[[package]]
name = "roblox/roact"
version = "1.4.2"
dependencies = []

[[package]]
name = "roblox/rodux"
version = "3.0.0"
dependencies = []

[[package]]
name = "vorlias/snapdragon"
version = "2.0.0"
dependencies = []
